// !$*UTF8*$!
{
	archiveVersion = 1;
	classes = {
	};
	objectVersion = 56;
	objects = {

/* Begin PBXBuildFile section */
		077CE20F29CED5BA004B3779 /* DetailsViewController.swift in Sources */ = {isa = PBXBuildFile; fileRef = 077CE20E29CED5BA004B3779 /* DetailsViewController.swift */; };
		077CE21229CED63B004B3779 /* UIImageView + Extension.swift in Sources */ = {isa = PBXBuildFile; fileRef = 077CE21129CED63B004B3779 /* UIImageView + Extension.swift */; };
		077CE21429CED6CB004B3779 /* DetailsVC + TableVC.swift in Sources */ = {isa = PBXBuildFile; fileRef = 077CE21329CED6CB004B3779 /* DetailsVC + TableVC.swift */; };
		077CE21629CED90F004B3779 /* TokenTableViewCell.swift in Sources */ = {isa = PBXBuildFile; fileRef = 077CE21529CED90F004B3779 /* TokenTableViewCell.swift */; };
		077CE21829CEDA13004B3779 /* TokenModel.swift in Sources */ = {isa = PBXBuildFile; fileRef = 077CE21729CEDA13004B3779 /* TokenModel.swift */; };
		077CE21A29CEE5B5004B3779 /* String + Extention.swift in Sources */ = {isa = PBXBuildFile; fileRef = 077CE21929CEE5B5004B3779 /* String + Extention.swift */; };
		07C3156F29CBBC4A0090C372 /* AppDelegate.swift in Sources */ = {isa = PBXBuildFile; fileRef = 07C3156E29CBBC4A0090C372 /* AppDelegate.swift */; };
		07C3157129CBBC4A0090C372 /* SceneDelegate.swift in Sources */ = {isa = PBXBuildFile; fileRef = 07C3157029CBBC4A0090C372 /* SceneDelegate.swift */; };
		07C3157629CBBC4A0090C372 /* Main.storyboard in Resources */ = {isa = PBXBuildFile; fileRef = 07C3157429CBBC4A0090C372 /* Main.storyboard */; };
		07C3157829CBBC4B0090C372 /* Assets.xcassets in Resources */ = {isa = PBXBuildFile; fileRef = 07C3157729CBBC4B0090C372 /* Assets.xcassets */; };
		07C3157B29CBBC4B0090C372 /* LaunchScreen.storyboard in Resources */ = {isa = PBXBuildFile; fileRef = 07C3157929CBBC4B0090C372 /* LaunchScreen.storyboard */; };
		07C3158329CBBD860090C372 /* WalletsListTableViewController.swift in Sources */ = {isa = PBXBuildFile; fileRef = 07C3158229CBBD860090C372 /* WalletsListTableViewController.swift */; };
		07C3158529CBBE4E0090C372 /* WalletsListTVC + AlertController.swift in Sources */ = {isa = PBXBuildFile; fileRef = 07C3158429CBBE4E0090C372 /* WalletsListTVC + AlertController.swift */; };
		07C3158729CBBE880090C372 /* WalletTableViewCell.swift in Sources */ = {isa = PBXBuildFile; fileRef = 07C3158629CBBE880090C372 /* WalletTableViewCell.swift */; };
		07C3159129CBC9180090C372 /* WalletModel.swift in Sources */ = {isa = PBXBuildFile; fileRef = 07C3159029CBC9180090C372 /* WalletModel.swift */; };
		07D5226829D0AE01007E0B70 /* CoinsModel.swift in Sources */ = {isa = PBXBuildFile; fileRef = 07D5226729D0AE01007E0B70 /* CoinsModel.swift */; };
		07D5226A29D0B000007E0B70 /* UILabel + Extension.swift in Sources */ = {isa = PBXBuildFile; fileRef = 07D5226929D0B000007E0B70 /* UILabel + Extension.swift */; };
		07D5226C29D0B1D7007E0B70 /* PriceModel.swift in Sources */ = {isa = PBXBuildFile; fileRef = 07D5226B29D0B1D7007E0B70 /* PriceModel.swift */; };
		07D7878929D34A1A00EB8313 /* NFTsViewController.swift in Sources */ = {isa = PBXBuildFile; fileRef = 07D7878829D34A1A00EB8313 /* NFTsViewController.swift */; };
		07D7878B29D34E7500EB8313 /* NFTModel.swift in Sources */ = {isa = PBXBuildFile; fileRef = 07D7878A29D34E7500EB8313 /* NFTModel.swift */; };
		07D7878F29D35CE000EB8313 /* NFTsVC + TableVC.swift in Sources */ = {isa = PBXBuildFile; fileRef = 07D7878E29D35CE000EB8313 /* NFTsVC + TableVC.swift */; };
		07D7879129D3614C00EB8313 /* NFTTableViewCell.swift in Sources */ = {isa = PBXBuildFile; fileRef = 07D7879029D3614C00EB8313 /* NFTTableViewCell.swift */; };
/* End PBXBuildFile section */

/* Begin PBXFileReference section */
		077CE20E29CED5BA004B3779 /* DetailsViewController.swift */ = {isa = PBXFileReference; lastKnownFileType = sourcecode.swift; path = DetailsViewController.swift; sourceTree = "<group>"; };
		077CE21129CED63B004B3779 /* UIImageView + Extension.swift */ = {isa = PBXFileReference; lastKnownFileType = sourcecode.swift; path = "UIImageView + Extension.swift"; sourceTree = "<group>"; };
		077CE21329CED6CB004B3779 /* DetailsVC + TableVC.swift */ = {isa = PBXFileReference; lastKnownFileType = sourcecode.swift; path = "DetailsVC + TableVC.swift"; sourceTree = "<group>"; };
		077CE21529CED90F004B3779 /* TokenTableViewCell.swift */ = {isa = PBXFileReference; lastKnownFileType = sourcecode.swift; path = TokenTableViewCell.swift; sourceTree = "<group>"; };
		077CE21729CEDA13004B3779 /* TokenModel.swift */ = {isa = PBXFileReference; lastKnownFileType = sourcecode.swift; path = TokenModel.swift; sourceTree = "<group>"; };
		077CE21929CEE5B5004B3779 /* String + Extention.swift */ = {isa = PBXFileReference; lastKnownFileType = sourcecode.swift; path = "String + Extention.swift"; sourceTree = "<group>"; };
		07C3156B29CBBC4A0090C372 /* WalletTracker.app */ = {isa = PBXFileReference; explicitFileType = wrapper.application; includeInIndex = 0; path = WalletTracker.app; sourceTree = BUILT_PRODUCTS_DIR; };
		07C3156E29CBBC4A0090C372 /* AppDelegate.swift */ = {isa = PBXFileReference; lastKnownFileType = sourcecode.swift; path = AppDelegate.swift; sourceTree = "<group>"; };
		07C3157029CBBC4A0090C372 /* SceneDelegate.swift */ = {isa = PBXFileReference; lastKnownFileType = sourcecode.swift; path = SceneDelegate.swift; sourceTree = "<group>"; };
		07C3157529CBBC4A0090C372 /* Base */ = {isa = PBXFileReference; lastKnownFileType = file.storyboard; name = Base; path = Base.lproj/Main.storyboard; sourceTree = "<group>"; };
		07C3157729CBBC4B0090C372 /* Assets.xcassets */ = {isa = PBXFileReference; lastKnownFileType = folder.assetcatalog; path = Assets.xcassets; sourceTree = "<group>"; };
		07C3157A29CBBC4B0090C372 /* Base */ = {isa = PBXFileReference; lastKnownFileType = file.storyboard; name = Base; path = Base.lproj/LaunchScreen.storyboard; sourceTree = "<group>"; };
		07C3157C29CBBC4B0090C372 /* Info.plist */ = {isa = PBXFileReference; lastKnownFileType = text.plist.xml; path = Info.plist; sourceTree = "<group>"; };
		07C3158229CBBD860090C372 /* WalletsListTableViewController.swift */ = {isa = PBXFileReference; lastKnownFileType = sourcecode.swift; path = WalletsListTableViewController.swift; sourceTree = "<group>"; };
		07C3158429CBBE4E0090C372 /* WalletsListTVC + AlertController.swift */ = {isa = PBXFileReference; lastKnownFileType = sourcecode.swift; path = "WalletsListTVC + AlertController.swift"; sourceTree = "<group>"; };
		07C3158629CBBE880090C372 /* WalletTableViewCell.swift */ = {isa = PBXFileReference; lastKnownFileType = sourcecode.swift; path = WalletTableViewCell.swift; sourceTree = "<group>"; };
		07C3159029CBC9180090C372 /* WalletModel.swift */ = {isa = PBXFileReference; lastKnownFileType = sourcecode.swift; path = WalletModel.swift; sourceTree = "<group>"; };
		07D5226729D0AE01007E0B70 /* CoinsModel.swift */ = {isa = PBXFileReference; lastKnownFileType = sourcecode.swift; path = CoinsModel.swift; sourceTree = "<group>"; };
		07D5226929D0B000007E0B70 /* UILabel + Extension.swift */ = {isa = PBXFileReference; lastKnownFileType = sourcecode.swift; path = "UILabel + Extension.swift"; sourceTree = "<group>"; };
		07D5226B29D0B1D7007E0B70 /* PriceModel.swift */ = {isa = PBXFileReference; lastKnownFileType = sourcecode.swift; path = PriceModel.swift; sourceTree = "<group>"; };
		07D7878829D34A1A00EB8313 /* NFTsViewController.swift */ = {isa = PBXFileReference; lastKnownFileType = sourcecode.swift; path = NFTsViewController.swift; sourceTree = "<group>"; };
		07D7878A29D34E7500EB8313 /* NFTModel.swift */ = {isa = PBXFileReference; lastKnownFileType = sourcecode.swift; path = NFTModel.swift; sourceTree = "<group>"; };
		07D7878E29D35CE000EB8313 /* NFTsVC + TableVC.swift */ = {isa = PBXFileReference; lastKnownFileType = sourcecode.swift; path = "NFTsVC + TableVC.swift"; sourceTree = "<group>"; };
		07D7879029D3614C00EB8313 /* NFTTableViewCell.swift */ = {isa = PBXFileReference; lastKnownFileType = sourcecode.swift; path = NFTTableViewCell.swift; sourceTree = "<group>"; };
/* End PBXFileReference section */

/* Begin PBXFrameworksBuildPhase section */
		07C3156829CBBC4A0090C372 /* Frameworks */ = {
			isa = PBXFrameworksBuildPhase;
			buildActionMask = 2147483647;
			files = (
			);
			runOnlyForDeploymentPostprocessing = 0;
		};
/* End PBXFrameworksBuildPhase section */

/* Begin PBXGroup section */
		077CE20B29CED550004B3779 /* First VC */ = {
			isa = PBXGroup;
			children = (
				07C3158629CBBE880090C372 /* WalletTableViewCell.swift */,
				07C3158229CBBD860090C372 /* WalletsListTableViewController.swift */,
				07C3158429CBBE4E0090C372 /* WalletsListTVC + AlertController.swift */,
				07C3159029CBC9180090C372 /* WalletModel.swift */,
			);
			name = "First VC";
			sourceTree = "<group>";
		};
		077CE20C29CED564004B3779 /* Supporting Files */ = {
			isa = PBXGroup;
			children = (
				07C3157729CBBC4B0090C372 /* Assets.xcassets */,
				07C3157929CBBC4B0090C372 /* LaunchScreen.storyboard */,
				07C3157C29CBBC4B0090C372 /* Info.plist */,
			);
			name = "Supporting Files";
			sourceTree = "<group>";
		};
		077CE20D29CED59C004B3779 /* Second VC */ = {
			isa = PBXGroup;
			children = (
				077CE20E29CED5BA004B3779 /* DetailsViewController.swift */,
				077CE21329CED6CB004B3779 /* DetailsVC + TableVC.swift */,
				077CE21529CED90F004B3779 /* TokenTableViewCell.swift */,
				077CE21729CEDA13004B3779 /* TokenModel.swift */,
				07D5226729D0AE01007E0B70 /* CoinsModel.swift */,
				07D5226B29D0B1D7007E0B70 /* PriceModel.swift */,
			);
			name = "Second VC";
			sourceTree = "<group>";
		};
		077CE21029CED620004B3779 /* Common Files */ = {
			isa = PBXGroup;
			children = (
				07C3157429CBBC4A0090C372 /* Main.storyboard */,
				07C3156E29CBBC4A0090C372 /* AppDelegate.swift */,
				07C3157029CBBC4A0090C372 /* SceneDelegate.swift */,
				077CE21129CED63B004B3779 /* UIImageView + Extension.swift */,
				077CE21929CEE5B5004B3779 /* String + Extention.swift */,
				07D5226929D0B000007E0B70 /* UILabel + Extension.swift */,
			);
			name = "Common Files";
			sourceTree = "<group>";
		};
		07C3156229CBBC4A0090C372 = {
			isa = PBXGroup;
			children = (
				07C3156D29CBBC4A0090C372 /* WalletTracker */,
				07C3156C29CBBC4A0090C372 /* Products */,
			);
			sourceTree = "<group>";
		};
		07C3156C29CBBC4A0090C372 /* Products */ = {
			isa = PBXGroup;
			children = (
				07C3156B29CBBC4A0090C372 /* WalletTracker.app */,
			);
			name = Products;
			sourceTree = "<group>";
		};
		07C3156D29CBBC4A0090C372 /* WalletTracker */ = {
			isa = PBXGroup;
			children = (
				077CE21029CED620004B3779 /* Common Files */,
				07D7878729D3453F00EB8313 /* Third VC */,
				077CE20D29CED59C004B3779 /* Second VC */,
				077CE20C29CED564004B3779 /* Supporting Files */,
				077CE20B29CED550004B3779 /* First VC */,
			);
			path = WalletTracker;
			sourceTree = "<group>";
		};
		07D7878729D3453F00EB8313 /* Third VC */ = {
			isa = PBXGroup;
			children = (
				07D7878829D34A1A00EB8313 /* NFTsViewController.swift */,
				07D7878A29D34E7500EB8313 /* NFTModel.swift */,
				07D7878E29D35CE000EB8313 /* NFTsVC + TableVC.swift */,
				07D7879029D3614C00EB8313 /* NFTTableViewCell.swift */,
			);
			name = "Third VC";
			sourceTree = "<group>";
		};
/* End PBXGroup section */

/* Begin PBXNativeTarget section */
		07C3156A29CBBC4A0090C372 /* WalletTracker */ = {
			isa = PBXNativeTarget;
			buildConfigurationList = 07C3157F29CBBC4B0090C372 /* Build configuration list for PBXNativeTarget "WalletTracker" */;
			buildPhases = (
				07C3156729CBBC4A0090C372 /* Sources */,
				07C3156829CBBC4A0090C372 /* Frameworks */,
				07C3156929CBBC4A0090C372 /* Resources */,
			);
			buildRules = (
			);
			dependencies = (
			);
			name = WalletTracker;
			productName = WalletTracker;
			productReference = 07C3156B29CBBC4A0090C372 /* WalletTracker.app */;
			productType = "com.apple.product-type.application";
		};
/* End PBXNativeTarget section */

/* Begin PBXProject section */
		07C3156329CBBC4A0090C372 /* Project object */ = {
			isa = PBXProject;
			attributes = {
				BuildIndependentTargetsInParallel = 1;
				LastSwiftUpdateCheck = 1420;
				LastUpgradeCheck = 1420;
				TargetAttributes = {
					07C3156A29CBBC4A0090C372 = {
						CreatedOnToolsVersion = 14.2;
					};
				};
			};
			buildConfigurationList = 07C3156629CBBC4A0090C372 /* Build configuration list for PBXProject "WalletTracker" */;
			compatibilityVersion = "Xcode 14.0";
			developmentRegion = en;
			hasScannedForEncodings = 0;
			knownRegions = (
				en,
				Base,
			);
			mainGroup = 07C3156229CBBC4A0090C372;
			productRefGroup = 07C3156C29CBBC4A0090C372 /* Products */;
			projectDirPath = "";
			projectRoot = "";
			targets = (
				07C3156A29CBBC4A0090C372 /* WalletTracker */,
			);
		};
/* End PBXProject section */

/* Begin PBXResourcesBuildPhase section */
		07C3156929CBBC4A0090C372 /* Resources */ = {
			isa = PBXResourcesBuildPhase;
			buildActionMask = 2147483647;
			files = (
				07C3157B29CBBC4B0090C372 /* LaunchScreen.storyboard in Resources */,
				07C3157829CBBC4B0090C372 /* Assets.xcassets in Resources */,
				07C3157629CBBC4A0090C372 /* Main.storyboard in Resources */,
			);
			runOnlyForDeploymentPostprocessing = 0;
		};
/* End PBXResourcesBuildPhase section */

/* Begin PBXSourcesBuildPhase section */
		07C3156729CBBC4A0090C372 /* Sources */ = {
			isa = PBXSourcesBuildPhase;
			buildActionMask = 2147483647;
			files = (
				07C3156F29CBBC4A0090C372 /* AppDelegate.swift in Sources */,
				077CE21829CEDA13004B3779 /* TokenModel.swift in Sources */,
				07D5226A29D0B000007E0B70 /* UILabel + Extension.swift in Sources */,
				077CE21629CED90F004B3779 /* TokenTableViewCell.swift in Sources */,
				07C3158529CBBE4E0090C372 /* WalletsListTVC + AlertController.swift in Sources */,
				07D7878F29D35CE000EB8313 /* NFTsVC + TableVC.swift in Sources */,
				07C3157129CBBC4A0090C372 /* SceneDelegate.swift in Sources */,
				077CE21429CED6CB004B3779 /* DetailsVC + TableVC.swift in Sources */,
				07C3158329CBBD860090C372 /* WalletsListTableViewController.swift in Sources */,
				07D5226829D0AE01007E0B70 /* CoinsModel.swift in Sources */,
				077CE21A29CEE5B5004B3779 /* String + Extention.swift in Sources */,
				07D7878B29D34E7500EB8313 /* NFTModel.swift in Sources */,
				077CE21229CED63B004B3779 /* UIImageView + Extension.swift in Sources */,
				077CE20F29CED5BA004B3779 /* DetailsViewController.swift in Sources */,
				07C3159129CBC9180090C372 /* WalletModel.swift in Sources */,
				07D7878929D34A1A00EB8313 /* NFTsViewController.swift in Sources */,
				07C3158729CBBE880090C372 /* WalletTableViewCell.swift in Sources */,
				07D5226C29D0B1D7007E0B70 /* PriceModel.swift in Sources */,
				07D7879129D3614C00EB8313 /* NFTTableViewCell.swift in Sources */,
			);
			runOnlyForDeploymentPostprocessing = 0;
		};
/* End PBXSourcesBuildPhase section */

/* Begin PBXVariantGroup section */
		07C3157429CBBC4A0090C372 /* Main.storyboard */ = {
			isa = PBXVariantGroup;
			children = (
				07C3157529CBBC4A0090C372 /* Base */,
			);
			name = Main.storyboard;
			sourceTree = "<group>";
		};
		07C3157929CBBC4B0090C372 /* LaunchScreen.storyboard */ = {
			isa = PBXVariantGroup;
			children = (
				07C3157A29CBBC4B0090C372 /* Base */,
			);
			name = LaunchScreen.storyboard;
			sourceTree = "<group>";
		};
/* End PBXVariantGroup section */

/* Begin XCBuildConfiguration section */
		07C3157D29CBBC4B0090C372 /* Debug */ = {
			isa = XCBuildConfiguration;
			buildSettings = {
				ALWAYS_SEARCH_USER_PATHS = NO;
				CLANG_ANALYZER_NONNULL = YES;
				CLANG_ANALYZER_NUMBER_OBJECT_CONVERSION = YES_AGGRESSIVE;
				CLANG_CXX_LANGUAGE_STANDARD = "gnu++20";
				CLANG_ENABLE_MODULES = YES;
				CLANG_ENABLE_OBJC_ARC = YES;
				CLANG_ENABLE_OBJC_WEAK = YES;
				CLANG_WARN_BLOCK_CAPTURE_AUTORELEASING = YES;
				CLANG_WARN_BOOL_CONVERSION = YES;
				CLANG_WARN_COMMA = YES;
				CLANG_WARN_CONSTANT_CONVERSION = YES;
				CLANG_WARN_DEPRECATED_OBJC_IMPLEMENTATIONS = YES;
				CLANG_WARN_DIRECT_OBJC_ISA_USAGE = YES_ERROR;
				CLANG_WARN_DOCUMENTATION_COMMENTS = YES;
				CLANG_WARN_EMPTY_BODY = YES;
				CLANG_WARN_ENUM_CONVERSION = YES;
				CLANG_WARN_INFINITE_RECURSION = YES;
				CLANG_WARN_INT_CONVERSION = YES;
				CLANG_WARN_NON_LITERAL_NULL_CONVERSION = YES;
				CLANG_WARN_OBJC_IMPLICIT_RETAIN_SELF = YES;
				CLANG_WARN_OBJC_LITERAL_CONVERSION = YES;
				CLANG_WARN_OBJC_ROOT_CLASS = YES_ERROR;
				CLANG_WARN_QUOTED_INCLUDE_IN_FRAMEWORK_HEADER = YES;
				CLANG_WARN_RANGE_LOOP_ANALYSIS = YES;
				CLANG_WARN_STRICT_PROTOTYPES = YES;
				CLANG_WARN_SUSPICIOUS_MOVE = YES;
				CLANG_WARN_UNGUARDED_AVAILABILITY = YES_AGGRESSIVE;
				CLANG_WARN_UNREACHABLE_CODE = YES;
				CLANG_WARN__DUPLICATE_METHOD_MATCH = YES;
				COPY_PHASE_STRIP = NO;
				DEBUG_INFORMATION_FORMAT = dwarf;
				ENABLE_STRICT_OBJC_MSGSEND = YES;
				ENABLE_TESTABILITY = YES;
				GCC_C_LANGUAGE_STANDARD = gnu11;
				GCC_DYNAMIC_NO_PIC = NO;
				GCC_NO_COMMON_BLOCKS = YES;
				GCC_OPTIMIZATION_LEVEL = 0;
				GCC_PREPROCESSOR_DEFINITIONS = (
					"DEBUG=1",
					"$(inherited)",
				);
				GCC_WARN_64_TO_32_BIT_CONVERSION = YES;
				GCC_WARN_ABOUT_RETURN_TYPE = YES_ERROR;
				GCC_WARN_UNDECLARED_SELECTOR = YES;
				GCC_WARN_UNINITIALIZED_AUTOS = YES_AGGRESSIVE;
				GCC_WARN_UNUSED_FUNCTION = YES;
				GCC_WARN_UNUSED_VARIABLE = YES;
				IPHONEOS_DEPLOYMENT_TARGET = 16.2;
				MTL_ENABLE_DEBUG_INFO = INCLUDE_SOURCE;
				MTL_FAST_MATH = YES;
				ONLY_ACTIVE_ARCH = YES;
				SDKROOT = iphoneos;
				SWIFT_ACTIVE_COMPILATION_CONDITIONS = DEBUG;
				SWIFT_OPTIMIZATION_LEVEL = "-Onone";
			};
			name = Debug;
		};
		07C3157E29CBBC4B0090C372 /* Release */ = {
			isa = XCBuildConfiguration;
			buildSettings = {
				ALWAYS_SEARCH_USER_PATHS = NO;
				CLANG_ANALYZER_NONNULL = YES;
				CLANG_ANALYZER_NUMBER_OBJECT_CONVERSION = YES_AGGRESSIVE;
				CLANG_CXX_LANGUAGE_STANDARD = "gnu++20";
				CLANG_ENABLE_MODULES = YES;
				CLANG_ENABLE_OBJC_ARC = YES;
				CLANG_ENABLE_OBJC_WEAK = YES;
				CLANG_WARN_BLOCK_CAPTURE_AUTORELEASING = YES;
				CLANG_WARN_BOOL_CONVERSION = YES;
				CLANG_WARN_COMMA = YES;
				CLANG_WARN_CONSTANT_CONVERSION = YES;
				CLANG_WARN_DEPRECATED_OBJC_IMPLEMENTATIONS = YES;
				CLANG_WARN_DIRECT_OBJC_ISA_USAGE = YES_ERROR;
				CLANG_WARN_DOCUMENTATION_COMMENTS = YES;
				CLANG_WARN_EMPTY_BODY = YES;
				CLANG_WARN_ENUM_CONVERSION = YES;
				CLANG_WARN_INFINITE_RECURSION = YES;
				CLANG_WARN_INT_CONVERSION = YES;
				CLANG_WARN_NON_LITERAL_NULL_CONVERSION = YES;
				CLANG_WARN_OBJC_IMPLICIT_RETAIN_SELF = YES;
				CLANG_WARN_OBJC_LITERAL_CONVERSION = YES;
				CLANG_WARN_OBJC_ROOT_CLASS = YES_ERROR;
				CLANG_WARN_QUOTED_INCLUDE_IN_FRAMEWORK_HEADER = YES;
				CLANG_WARN_RANGE_LOOP_ANALYSIS = YES;
				CLANG_WARN_STRICT_PROTOTYPES = YES;
				CLANG_WARN_SUSPICIOUS_MOVE = YES;
				CLANG_WARN_UNGUARDED_AVAILABILITY = YES_AGGRESSIVE;
				CLANG_WARN_UNREACHABLE_CODE = YES;
				CLANG_WARN__DUPLICATE_METHOD_MATCH = YES;
				COPY_PHASE_STRIP = NO;
				DEBUG_INFORMATION_FORMAT = "dwarf-with-dsym";
				ENABLE_NS_ASSERTIONS = NO;
				ENABLE_STRICT_OBJC_MSGSEND = YES;
				GCC_C_LANGUAGE_STANDARD = gnu11;
				GCC_NO_COMMON_BLOCKS = YES;
				GCC_WARN_64_TO_32_BIT_CONVERSION = YES;
				GCC_WARN_ABOUT_RETURN_TYPE = YES_ERROR;
				GCC_WARN_UNDECLARED_SELECTOR = YES;
				GCC_WARN_UNINITIALIZED_AUTOS = YES_AGGRESSIVE;
				GCC_WARN_UNUSED_FUNCTION = YES;
				GCC_WARN_UNUSED_VARIABLE = YES;
				IPHONEOS_DEPLOYMENT_TARGET = 16.2;
				MTL_ENABLE_DEBUG_INFO = NO;
				MTL_FAST_MATH = YES;
				SDKROOT = iphoneos;
				SWIFT_COMPILATION_MODE = wholemodule;
				SWIFT_OPTIMIZATION_LEVEL = "-O";
				VALIDATE_PRODUCT = YES;
			};
			name = Release;
		};
		07C3158029CBBC4B0090C372 /* Debug */ = {
			isa = XCBuildConfiguration;
			buildSettings = {
				ASSETCATALOG_COMPILER_APPICON_NAME = AppIcon;
				ASSETCATALOG_COMPILER_GLOBAL_ACCENT_COLOR_NAME = AccentColor;
				CODE_SIGN_STYLE = Automatic;
				CURRENT_PROJECT_VERSION = 1;
				DEVELOPMENT_TEAM = SWCGQQGWMX;
				GENERATE_INFOPLIST_FILE = YES;
				INFOPLIST_FILE = WalletTracker/Info.plist;
				INFOPLIST_KEY_UIApplicationSupportsIndirectInputEvents = YES;
				INFOPLIST_KEY_UILaunchStoryboardName = LaunchScreen;
				INFOPLIST_KEY_UIMainStoryboardFile = Main;
				INFOPLIST_KEY_UISupportedInterfaceOrientations = UIInterfaceOrientationPortrait;
				INFOPLIST_KEY_UISupportedInterfaceOrientations_iPad = "UIInterfaceOrientationLandscapeLeft UIInterfaceOrientationLandscapeRight UIInterfaceOrientationPortrait UIInterfaceOrientationPortraitUpsideDown";
				LD_RUNPATH_SEARCH_PATHS = (
					"$(inherited)",
					"@executable_path/Frameworks",
				);
				MARKETING_VERSION = 1.0;
				PRODUCT_BUNDLE_IDENTIFIER = com.fomstep.WalletTracker;
				PRODUCT_NAME = "$(TARGET_NAME)";
				SUPPORTED_PLATFORMS = "iphoneos iphonesimulator";
				SUPPORTS_MACCATALYST = NO;
				SUPPORTS_MAC_DESIGNED_FOR_IPHONE_IPAD = NO;
				SWIFT_EMIT_LOC_STRINGS = YES;
				SWIFT_VERSION = 5.0;
				TARGETED_DEVICE_FAMILY = 1;
			};
			name = Debug;
		};
		07C3158129CBBC4B0090C372 /* Release */ = {
			isa = XCBuildConfiguration;
			buildSettings = {
				ASSETCATALOG_COMPILER_APPICON_NAME = AppIcon;
				ASSETCATALOG_COMPILER_GLOBAL_ACCENT_COLOR_NAME = AccentColor;
				CODE_SIGN_STYLE = Automatic;
				CURRENT_PROJECT_VERSION = 1;
				DEVELOPMENT_TEAM = SWCGQQGWMX;
				GENERATE_INFOPLIST_FILE = YES;
				INFOPLIST_FILE = WalletTracker/Info.plist;
				INFOPLIST_KEY_UIApplicationSupportsIndirectInputEvents = YES;
				INFOPLIST_KEY_UILaunchStoryboardName = LaunchScreen;
				INFOPLIST_KEY_UIMainStoryboardFile = Main;
				INFOPLIST_KEY_UISupportedInterfaceOrientations = UIInterfaceOrientationPortrait;
				INFOPLIST_KEY_UISupportedInterfaceOrientations_iPad = "UIInterfaceOrientationLandscapeLeft UIInterfaceOrientationLandscapeRight UIInterfaceOrientationPortrait UIInterfaceOrientationPortraitUpsideDown";
				LD_RUNPATH_SEARCH_PATHS = (
					"$(inherited)",
					"@executable_path/Frameworks",
				);
				MARKETING_VERSION = 1.0;
				PRODUCT_BUNDLE_IDENTIFIER = com.fomstep.WalletTracker;
				PRODUCT_NAME = "$(TARGET_NAME)";
				SUPPORTED_PLATFORMS = "iphoneos iphonesimulator";
				SUPPORTS_MACCATALYST = NO;
				SUPPORTS_MAC_DESIGNED_FOR_IPHONE_IPAD = NO;
				SWIFT_EMIT_LOC_STRINGS = YES;
				SWIFT_VERSION = 5.0;
				TARGETED_DEVICE_FAMILY = 1;
			};
			name = Release;
		};
/* End XCBuildConfiguration section */

/* Begin XCConfigurationList section */
		07C3156629CBBC4A0090C372 /* Build configuration list for PBXProject "WalletTracker" */ = {
			isa = XCConfigurationList;
			buildConfigurations = (
				07C3157D29CBBC4B0090C372 /* Debug */,
				07C3157E29CBBC4B0090C372 /* Release */,
			);
			defaultConfigurationIsVisible = 0;
			defaultConfigurationName = Release;
		};
		07C3157F29CBBC4B0090C372 /* Build configuration list for PBXNativeTarget "WalletTracker" */ = {
			isa = XCConfigurationList;
			buildConfigurations = (
				07C3158029CBBC4B0090C372 /* Debug */,
				07C3158129CBBC4B0090C372 /* Release */,
			);
			defaultConfigurationIsVisible = 0;
			defaultConfigurationName = Release;
		};
/* End XCConfigurationList section */
	};
	rootObject = 07C3156329CBBC4A0090C372 /* Project object */;
}
